// !$*UTF8*$!
{
	archiveVersion = 1;
	classes = {
	};
	objectVersion = 46;
	objects = {

/* Begin PBXBuildFile section */
		39A03F581B4E7AE500069299 /* main.m in Sources */ = {isa = PBXBuildFile; fileRef = 39A03F571B4E7AE500069299 /* main.m */; };
		39A03F5B1B4E7AE500069299 /* AppDelegate.m in Sources */ = {isa = PBXBuildFile; fileRef = 39A03F5A1B4E7AE500069299 /* AppDelegate.m */; };
		39A03F5E1B4E7AE500069299 /* MLTableViewController.m in Sources */ = {isa = PBXBuildFile; fileRef = 39A03F5D1B4E7AE500069299 /* MLTableViewController.m */; };
		39A03F611B4E7AE500069299 /* Main.storyboard in Resources */ = {isa = PBXBuildFile; fileRef = 39A03F5F1B4E7AE500069299 /* Main.storyboard */; };
		39A03F631B4E7AE500069299 /* Assets.xcassets in Resources */ = {isa = PBXBuildFile; fileRef = 39A03F621B4E7AE500069299 /* Assets.xcassets */; };
		39A03F661B4E7AE500069299 /* LaunchScreen.storyboard in Resources */ = {isa = PBXBuildFile; fileRef = 39A03F641B4E7AE500069299 /* LaunchScreen.storyboard */; };
		39A03F711B4E7AE500069299 /* MLSelfSizingCellsTests.m in Sources */ = {isa = PBXBuildFile; fileRef = 39A03F701B4E7AE500069299 /* MLSelfSizingCellsTests.m */; };
		39A03F7C1B4E7AE500069299 /* MLSelfSizingCellsUITests.m in Sources */ = {isa = PBXBuildFile; fileRef = 39A03F7B1B4E7AE500069299 /* MLSelfSizingCellsUITests.m */; };
/* End PBXBuildFile section */

/* Begin PBXContainerItemProxy section */
		39A03F6D1B4E7AE500069299 /* PBXContainerItemProxy */ = {
			isa = PBXContainerItemProxy;
			containerPortal = 39A03F4B1B4E7AE500069299 /* Project object */;
			proxyType = 1;
			remoteGlobalIDString = 39A03F521B4E7AE500069299;
			remoteInfo = MLSelfSizingCells;
		};
		39A03F781B4E7AE500069299 /* PBXContainerItemProxy */ = {
			isa = PBXContainerItemProxy;
			containerPortal = 39A03F4B1B4E7AE500069299 /* Project object */;
			proxyType = 1;
			remoteGlobalIDString = 39A03F521B4E7AE500069299;
			remoteInfo = MLSelfSizingCells;
		};
/* End PBXContainerItemProxy section */

/* Begin PBXFileReference section */
		39A03F531B4E7AE500069299 /* MLSelfSizingCells.app */ = {isa = PBXFileReference; explicitFileType = wrapper.application; includeInIndex = 0; path = MLSelfSizingCells.app; sourceTree = BUILT_PRODUCTS_DIR; };
		39A03F571B4E7AE500069299 /* main.m */ = {isa = PBXFileReference; lastKnownFileType = sourcecode.c.objc; path = main.m; sourceTree = "<group>"; };
		39A03F591B4E7AE500069299 /* AppDelegate.h */ = {isa = PBXFileReference; lastKnownFileType = sourcecode.c.h; path = AppDelegate.h; sourceTree = "<group>"; };
		39A03F5A1B4E7AE500069299 /* AppDelegate.m */ = {isa = PBXFileReference; lastKnownFileType = sourcecode.c.objc; path = AppDelegate.m; sourceTree = "<group>"; };
		39A03F5C1B4E7AE500069299 /* MLTableViewController.h */ = {isa = PBXFileReference; lastKnownFileType = sourcecode.c.h; path = MLTableViewController.h; sourceTree = "<group>"; };
		39A03F5D1B4E7AE500069299 /* MLTableViewController.m */ = {isa = PBXFileReference; lastKnownFileType = sourcecode.c.objc; path = MLTableViewController.m; sourceTree = "<group>"; };
		39A03F601B4E7AE500069299 /* Base */ = {isa = PBXFileReference; lastKnownFileType = file.storyboard; name = Base; path = Base.lproj/Main.storyboard; sourceTree = "<group>"; };
		39A03F621B4E7AE500069299 /* Assets.xcassets */ = {isa = PBXFileReference; lastKnownFileType = folder.assetcatalog; path = Assets.xcassets; sourceTree = "<group>"; };
		39A03F651B4E7AE500069299 /* Base */ = {isa = PBXFileReference; lastKnownFileType = file.storyboard; name = Base; path = Base.lproj/LaunchScreen.storyboard; sourceTree = "<group>"; };
		39A03F671B4E7AE500069299 /* Info.plist */ = {isa = PBXFileReference; lastKnownFileType = text.plist.xml; path = Info.plist; sourceTree = "<group>"; };
		39A03F6C1B4E7AE500069299 /* MLSelfSizingCellsTests.xctest */ = {isa = PBXFileReference; explicitFileType = wrapper.cfbundle; includeInIndex = 0; path = MLSelfSizingCellsTests.xctest; sourceTree = BUILT_PRODUCTS_DIR; };
		39A03F701B4E7AE500069299 /* MLSelfSizingCellsTests.m */ = {isa = PBXFileReference; lastKnownFileType = sourcecode.c.objc; path = MLSelfSizingCellsTests.m; sourceTree = "<group>"; };
		39A03F721B4E7AE500069299 /* Info.plist */ = {isa = PBXFileReference; lastKnownFileType = text.plist.xml; path = Info.plist; sourceTree = "<group>"; };
		39A03F771B4E7AE500069299 /* MLSelfSizingCellsUITests.xctest */ = {isa = PBXFileReference; explicitFileType = wrapper.cfbundle; includeInIndex = 0; path = MLSelfSizingCellsUITests.xctest; sourceTree = BUILT_PRODUCTS_DIR; };
		39A03F7B1B4E7AE500069299 /* MLSelfSizingCellsUITests.m */ = {isa = PBXFileReference; lastKnownFileType = sourcecode.c.objc; path = MLSelfSizingCellsUITests.m; sourceTree = "<group>"; };
		39A03F7D1B4E7AE500069299 /* Info.plist */ = {isa = PBXFileReference; lastKnownFileType = text.plist.xml; path = Info.plist; sourceTree = "<group>"; };
/* End PBXFileReference section */

/* Begin PBXFrameworksBuildPhase section */
		39A03F501B4E7AE500069299 /* Frameworks */ = {
			isa = PBXFrameworksBuildPhase;
			buildActionMask = 2147483647;
			files = (
			);
			runOnlyForDeploymentPostprocessing = 0;
		};
		39A03F691B4E7AE500069299 /* Frameworks */ = {
			isa = PBXFrameworksBuildPhase;
			buildActionMask = 2147483647;
			files = (
			);
			runOnlyForDeploymentPostprocessing = 0;
		};
		39A03F741B4E7AE500069299 /* Frameworks */ = {
			isa = PBXFrameworksBuildPhase;
			buildActionMask = 2147483647;
			files = (
			);
			runOnlyForDeploymentPostprocessing = 0;
		};
/* End PBXFrameworksBuildPhase section */

/* Begin PBXGroup section */
		39A03F4A1B4E7AE500069299 = {
			isa = PBXGroup;
			children = (
				39A03F551B4E7AE500069299 /* MLSelfSizingCells */,
				39A03F6F1B4E7AE500069299 /* MLSelfSizingCellsTests */,
				39A03F7A1B4E7AE500069299 /* MLSelfSizingCellsUITests */,
				39A03F541B4E7AE500069299 /* Products */,
			);
			sourceTree = "<group>";
		};
		39A03F541B4E7AE500069299 /* Products */ = {
			isa = PBXGroup;
			children = (
				39A03F531B4E7AE500069299 /* MLSelfSizingCells.app */,
				39A03F6C1B4E7AE500069299 /* MLSelfSizingCellsTests.xctest */,
				39A03F771B4E7AE500069299 /* MLSelfSizingCellsUITests.xctest */,
			);
			name = Products;
			sourceTree = "<group>";
		};
		39A03F551B4E7AE500069299 /* MLSelfSizingCells */ = {
			isa = PBXGroup;
			children = (
				39A03F591B4E7AE500069299 /* AppDelegate.h */,
				39A03F5A1B4E7AE500069299 /* AppDelegate.m */,
				39A03F5C1B4E7AE500069299 /* MLTableViewController.h */,
				39A03F5D1B4E7AE500069299 /* MLTableViewController.m */,
				39A03F5F1B4E7AE500069299 /* Main.storyboard */,
				39A03F621B4E7AE500069299 /* Assets.xcassets */,
				39A03F641B4E7AE500069299 /* LaunchScreen.storyboard */,
				39A03F671B4E7AE500069299 /* Info.plist */,
				39A03F561B4E7AE500069299 /* Supporting Files */,
			);
			path = MLSelfSizingCells;
			sourceTree = "<group>";
		};
		39A03F561B4E7AE500069299 /* Supporting Files */ = {
			isa = PBXGroup;
			children = (
				39A03F571B4E7AE500069299 /* main.m */,
			);
			name = "Supporting Files";
			sourceTree = "<group>";
		};
		39A03F6F1B4E7AE500069299 /* MLSelfSizingCellsTests */ = {
			isa = PBXGroup;
			children = (
				39A03F701B4E7AE500069299 /* MLSelfSizingCellsTests.m */,
				39A03F721B4E7AE500069299 /* Info.plist */,
			);
			path = MLSelfSizingCellsTests;
			sourceTree = "<group>";
		};
		39A03F7A1B4E7AE500069299 /* MLSelfSizingCellsUITests */ = {
			isa = PBXGroup;
			children = (
				39A03F7B1B4E7AE500069299 /* MLSelfSizingCellsUITests.m */,
				39A03F7D1B4E7AE500069299 /* Info.plist */,
			);
			path = MLSelfSizingCellsUITests;
			sourceTree = "<group>";
		};
/* End PBXGroup section */

/* Begin PBXNativeTarget section */
		39A03F521B4E7AE500069299 /* MLSelfSizingCells */ = {
			isa = PBXNativeTarget;
			buildConfigurationList = 39A03F801B4E7AE500069299 /* Build configuration list for PBXNativeTarget "MLSelfSizingCells" */;
			buildPhases = (
				39A03F4F1B4E7AE500069299 /* Sources */,
				39A03F501B4E7AE500069299 /* Frameworks */,
				39A03F511B4E7AE500069299 /* Resources */,
			);
			buildRules = (
			);
			dependencies = (
			);
			name = MLSelfSizingCells;
			productName = MLSelfSizingCells;
			productReference = 39A03F531B4E7AE500069299 /* MLSelfSizingCells.app */;
			productType = "com.apple.product-type.application";
		};
		39A03F6B1B4E7AE500069299 /* MLSelfSizingCellsTests */ = {
			isa = PBXNativeTarget;
			buildConfigurationList = 39A03F831B4E7AE500069299 /* Build configuration list for PBXNativeTarget "MLSelfSizingCellsTests" */;
			buildPhases = (
				39A03F681B4E7AE500069299 /* Sources */,
				39A03F691B4E7AE500069299 /* Frameworks */,
				39A03F6A1B4E7AE500069299 /* Resources */,
			);
			buildRules = (
			);
			dependencies = (
				39A03F6E1B4E7AE500069299 /* PBXTargetDependency */,
			);
			name = MLSelfSizingCellsTests;
			productName = MLSelfSizingCellsTests;
			productReference = 39A03F6C1B4E7AE500069299 /* MLSelfSizingCellsTests.xctest */;
			productType = "com.apple.product-type.bundle.unit-test";
		};
		39A03F761B4E7AE500069299 /* MLSelfSizingCellsUITests */ = {
			isa = PBXNativeTarget;
			buildConfigurationList = 39A03F861B4E7AE500069299 /* Build configuration list for PBXNativeTarget "MLSelfSizingCellsUITests" */;
			buildPhases = (
				39A03F731B4E7AE500069299 /* Sources */,
				39A03F741B4E7AE500069299 /* Frameworks */,
				39A03F751B4E7AE500069299 /* Resources */,
			);
			buildRules = (
			);
			dependencies = (
				39A03F791B4E7AE500069299 /* PBXTargetDependency */,
			);
			name = MLSelfSizingCellsUITests;
			productName = MLSelfSizingCellsUITests;
			productReference = 39A03F771B4E7AE500069299 /* MLSelfSizingCellsUITests.xctest */;
			productType = "com.apple.product-type.bundle.ui-testing";
		};
/* End PBXNativeTarget section */

/* Begin PBXProject section */
		39A03F4B1B4E7AE500069299 /* Project object */ = {
			isa = PBXProject;
			attributes = {
				LastUpgradeCheck = 0700;
				ORGANIZATIONNAME = "Matthias Ludwig";
				TargetAttributes = {
					39A03F521B4E7AE500069299 = {
						CreatedOnToolsVersion = 7.0;
					};
					39A03F6B1B4E7AE500069299 = {
						CreatedOnToolsVersion = 7.0;
						TestTargetID = 39A03F521B4E7AE500069299;
					};
					39A03F761B4E7AE500069299 = {
						CreatedOnToolsVersion = 7.0;
						TestTargetID = 39A03F521B4E7AE500069299;
					};
				};
			};
			buildConfigurationList = 39A03F4E1B4E7AE500069299 /* Build configuration list for PBXProject "MLSelfSizingCells" */;
			compatibilityVersion = "Xcode 3.2";
			developmentRegion = English;
			hasScannedForEncodings = 0;
			knownRegions = (
				en,
				Base,
			);
			mainGroup = 39A03F4A1B4E7AE500069299;
			productRefGroup = 39A03F541B4E7AE500069299 /* Products */;
			projectDirPath = "";
			projectRoot = "";
			targets = (
				39A03F521B4E7AE500069299 /* MLSelfSizingCells */,
				39A03F6B1B4E7AE500069299 /* MLSelfSizingCellsTests */,
				39A03F761B4E7AE500069299 /* MLSelfSizingCellsUITests */,
			);
		};
/* End PBXProject section */

/* Begin PBXResourcesBuildPhase section */
		39A03F511B4E7AE500069299 /* Resources */ = {
			isa = PBXResourcesBuildPhase;
			buildActionMask = 2147483647;
			files = (
				39A03F661B4E7AE500069299 /* LaunchScreen.storyboard in Resources */,
				39A03F631B4E7AE500069299 /* Assets.xcassets in Resources */,
				39A03F611B4E7AE500069299 /* Main.storyboard in Resources */,
			);
			runOnlyForDeploymentPostprocessing = 0;
		};
		39A03F6A1B4E7AE500069299 /* Resources */ = {
			isa = PBXResourcesBuildPhase;
			buildActionMask = 2147483647;
			files = (
			);
			runOnlyForDeploymentPostprocessing = 0;
		};
		39A03F751B4E7AE500069299 /* Resources */ = {
			isa = PBXResourcesBuildPhase;
			buildActionMask = 2147483647;
			files = (
			);
			runOnlyForDeploymentPostprocessing = 0;
		};
/* End PBXResourcesBuildPhase section */

/* Begin PBXSourcesBuildPhase section */
		39A03F4F1B4E7AE500069299 /* Sources */ = {
			isa = PBXSourcesBuildPhase;
			buildActionMask = 2147483647;
			files = (
				39A03F5E1B4E7AE500069299 /* MLTableViewController.m in Sources */,
				39A03F5B1B4E7AE500069299 /* AppDelegate.m in Sources */,
				39A03F581B4E7AE500069299 /* main.m in Sources */,
			);
			runOnlyForDeploymentPostprocessing = 0;
		};
		39A03F681B4E7AE500069299 /* Sources */ = {
			isa = PBXSourcesBuildPhase;
			buildActionMask = 2147483647;
			files = (
				39A03F711B4E7AE500069299 /* MLSelfSizingCellsTests.m in Sources */,
			);
			runOnlyForDeploymentPostprocessing = 0;
		};
		39A03F731B4E7AE500069299 /* Sources */ = {
			isa = PBXSourcesBuildPhase;
			buildActionMask = 2147483647;
			files = (
				39A03F7C1B4E7AE500069299 /* MLSelfSizingCellsUITests.m in Sources */,
			);
			runOnlyForDeploymentPostprocessing = 0;
		};
/* End PBXSourcesBuildPhase section */

/* Begin PBXTargetDependency section */
		39A03F6E1B4E7AE500069299 /* PBXTargetDependency */ = {
			isa = PBXTargetDependency;
			target = 39A03F521B4E7AE500069299 /* MLSelfSizingCells */;
			targetProxy = 39A03F6D1B4E7AE500069299 /* PBXContainerItemProxy */;
		};
		39A03F791B4E7AE500069299 /* PBXTargetDependency */ = {
			isa = PBXTargetDependency;
			target = 39A03F521B4E7AE500069299 /* MLSelfSizingCells */;
			targetProxy = 39A03F781B4E7AE500069299 /* PBXContainerItemProxy */;
		};
/* End PBXTargetDependency section */

/* Begin PBXVariantGroup section */
		39A03F5F1B4E7AE500069299 /* Main.storyboard */ = {
			isa = PBXVariantGroup;
			children = (
				39A03F601B4E7AE500069299 /* Base */,
			);
			name = Main.storyboard;
			sourceTree = "<group>";
		};
		39A03F641B4E7AE500069299 /* LaunchScreen.storyboard */ = {
			isa = PBXVariantGroup;
			children = (
				39A03F651B4E7AE500069299 /* Base */,
			);
			name = LaunchScreen.storyboard;
			sourceTree = "<group>";
		};
/* End PBXVariantGroup section */

/* Begin XCBuildConfiguration section */
		39A03F7E1B4E7AE500069299 /* Debug */ = {
			isa = XCBuildConfiguration;
			buildSettings = {
				ALWAYS_SEARCH_USER_PATHS = NO;
				CLANG_CXX_LANGUAGE_STANDARD = "gnu++0x";
				CLANG_CXX_LIBRARY = "libc++";
				CLANG_ENABLE_MODULES = YES;
				CLANG_ENABLE_OBJC_ARC = YES;
				CLANG_WARN_BOOL_CONVERSION = YES;
				CLANG_WARN_CONSTANT_CONVERSION = YES;
				CLANG_WARN_DIRECT_OBJC_ISA_USAGE = YES_ERROR;
				CLANG_WARN_EMPTY_BODY = YES;
				CLANG_WARN_ENUM_CONVERSION = YES;
				CLANG_WARN_INT_CONVERSION = YES;
				CLANG_WARN_OBJC_ROOT_CLASS = YES_ERROR;
				CLANG_WARN_UNREACHABLE_CODE = YES;
				CLANG_WARN__DUPLICATE_METHOD_MATCH = YES;
				"CODE_SIGN_IDENTITY[sdk=iphoneos*]" = "iPhone Developer";
				COPY_PHASE_STRIP = NO;
				DEBUG_INFORMATION_FORMAT = dwarf;
				ENABLE_STRICT_OBJC_MSGSEND = YES;
				ENABLE_TESTABILITY = YES;
				GCC_C_LANGUAGE_STANDARD = gnu99;
				GCC_DYNAMIC_NO_PIC = NO;
				GCC_NO_COMMON_BLOCKS = YES;
				GCC_OPTIMIZATION_LEVEL = 0;
				GCC_PREPROCESSOR_DEFINITIONS = (
					"DEBUG=1",
					"$(inherited)",
				);
				GCC_WARN_64_TO_32_BIT_CONVERSION = YES;
				GCC_WARN_ABOUT_RETURN_TYPE = YES_ERROR;
				GCC_WARN_UNDECLARED_SELECTOR = YES;
				GCC_WARN_UNINITIALIZED_AUTOS = YES_AGGRESSIVE;
				GCC_WARN_UNUSED_FUNCTION = YES;
				GCC_WARN_UNUSED_VARIABLE = YES;
				IPHONEOS_DEPLOYMENT_TARGET = 9.0;
				MTL_ENABLE_DEBUG_INFO = YES;
				ONLY_ACTIVE_ARCH = YES;
				SDKROOT = iphoneos;
			};
			name = Debug;
		};
		39A03F7F1B4E7AE500069299 /* Release */ = {
			isa = XCBuildConfiguration;
			buildSettings = {
				ALWAYS_SEARCH_USER_PATHS = NO;
				CLANG_CXX_LANGUAGE_STANDARD = "gnu++0x";
				CLANG_CXX_LIBRARY = "libc++";
				CLANG_ENABLE_MODULES = YES;
				CLANG_ENABLE_OBJC_ARC = YES;
				CLANG_WARN_BOOL_CONVERSION = YES;
				CLANG_WARN_CONSTANT_CONVERSION = YES;
				CLANG_WARN_DIRECT_OBJC_ISA_USAGE = YES_ERROR;
				CLANG_WARN_EMPTY_BODY = YES;
				CLANG_WARN_ENUM_CONVERSION = YES;
				CLANG_WARN_INT_CONVERSION = YES;
				CLANG_WARN_OBJC_ROOT_CLASS = YES_ERROR;
				CLANG_WARN_UNREACHABLE_CODE = YES;
				CLANG_WARN__DUPLICATE_METHOD_MATCH = YES;
				"CODE_SIGN_IDENTITY[sdk=iphoneos*]" = "iPhone Developer";
				COPY_PHASE_STRIP = NO;
				DEBUG_INFORMATION_FORMAT = "dwarf-with-dsym";
				ENABLE_NS_ASSERTIONS = NO;
				ENABLE_STRICT_OBJC_MSGSEND = YES;
				GCC_C_LANGUAGE_STANDARD = gnu99;
				GCC_NO_COMMON_BLOCKS = YES;
				GCC_WARN_64_TO_32_BIT_CONVERSION = YES;
				GCC_WARN_ABOUT_RETURN_TYPE = YES_ERROR;
				GCC_WARN_UNDECLARED_SELECTOR = YES;
				GCC_WARN_UNINITIALIZED_AUTOS = YES_AGGRESSIVE;
				GCC_WARN_UNUSED_FUNCTION = YES;
				GCC_WARN_UNUSED_VARIABLE = YES;
				IPHONEOS_DEPLOYMENT_TARGET = 9.0;
				MTL_ENABLE_DEBUG_INFO = NO;
				SDKROOT = iphoneos;
				VALIDATE_PRODUCT = YES;
			};
			name = Release;
		};
		39A03F811B4E7AE500069299 /* Debug */ = {
			isa = XCBuildConfiguration;
			buildSettings = {
				ASSETCATALOG_COMPILER_APPICON_NAME = AppIcon;
				INFOPLIST_FILE = MLSelfSizingCells/Info.plist;
				IPHONEOS_DEPLOYMENT_TARGET = 8.4;
				LD_RUNPATH_SEARCH_PATHS = "$(inherited) @executable_path/Frameworks";
				PRODUCT_BUNDLE_IDENTIFIER = org.dieentwickler.MLSelfSizingCells;
				PRODUCT_NAME = "$(TARGET_NAME)";
			};
			name = Debug;
		};
		39A03F821B4E7AE500069299 /* Release */ = {
			isa = XCBuildConfiguration;
			buildSettings = {
				ASSETCATALOG_COMPILER_APPICON_NAME = AppIcon;
				INFOPLIST_FILE = MLSelfSizingCells/Info.plist;
				IPHONEOS_DEPLOYMENT_TARGET = 8.4;
				LD_RUNPATH_SEARCH_PATHS = "$(inherited) @executable_path/Frameworks";
				PRODUCT_BUNDLE_IDENTIFIER = org.dieentwickler.MLSelfSizingCells;
				PRODUCT_NAME = "$(TARGET_NAME)";
			};
			name = Release;
		};
		39A03F841B4E7AE500069299 /* Debug */ = {
			isa = XCBuildConfiguration;
			buildSettings = {
				BUNDLE_LOADER = "$(TEST_HOST)";
				INFOPLIST_FILE = MLSelfSizingCellsTests/Info.plist;
				LD_RUNPATH_SEARCH_PATHS = "$(inherited) @executable_path/Frameworks @loader_path/Frameworks";
				PRODUCT_BUNDLE_IDENTIFIER = org.dieentwickler.MLSelfSizingCellsTests;
				PRODUCT_NAME = "$(TARGET_NAME)";
				TEST_HOST = "$(BUILT_PRODUCTS_DIR)/MLSelfSizingCells.app/MLSelfSizingCells";
			};
			name = Debug;
		};
		39A03F851B4E7AE500069299 /* Release */ = {
			isa = XCBuildConfiguration;
			buildSettings = {
				BUNDLE_LOADER = "$(TEST_HOST)";
				INFOPLIST_FILE = MLSelfSizingCellsTests/Info.plist;
				LD_RUNPATH_SEARCH_PATHS = "$(inherited) @executable_path/Frameworks @loader_path/Frameworks";
				PRODUCT_BUNDLE_IDENTIFIER = org.dieentwickler.MLSelfSizingCellsTests;
				PRODUCT_NAME = "$(TARGET_NAME)";
				TEST_HOST = "$(BUILT_PRODUCTS_DIR)/MLSelfSizingCells.app/MLSelfSizingCells";
			};
			name = Release;
		};
		39A03F871B4E7AE500069299 /* Debug */ = {
			isa = XCBuildConfiguration;
			buildSettings = {
				INFOPLIST_FILE = MLSelfSizingCellsUITests/Info.plist;
				LD_RUNPATH_SEARCH_PATHS = "$(inherited) @executable_path/Frameworks @loader_path/Frameworks";
				PRODUCT_BUNDLE_IDENTIFIER = org.dieentwickler.MLSelfSizingCellsUITests;
				PRODUCT_NAME = "$(TARGET_NAME)";
				TEST_TARGET_NAME = MLSelfSizingCells;
				USES_XCTRUNNER = YES;
			};
			name = Debug;
		};
		39A03F881B4E7AE500069299 /* Release */ = {
			isa = XCBuildConfiguration;
			buildSettings = {
				INFOPLIST_FILE = MLSelfSizingCellsUITests/Info.plist;
				LD_RUNPATH_SEARCH_PATHS = "$(inherited) @executable_path/Frameworks @loader_path/Frameworks";
				PRODUCT_BUNDLE_IDENTIFIER = org.dieentwickler.MLSelfSizingCellsUITests;
				PRODUCT_NAME = "$(TARGET_NAME)";
				TEST_TARGET_NAME = MLSelfSizingCells;
				USES_XCTRUNNER = YES;
			};
			name = Release;
		};
/* End XCBuildConfiguration section */

/* Begin XCConfigurationList section */
		39A03F4E1B4E7AE500069299 /* Build configuration list for PBXProject "MLSelfSizingCells" */ = {
			isa = XCConfigurationList;
			buildConfigurations = (
				39A03F7E1B4E7AE500069299 /* Debug */,
				39A03F7F1B4E7AE500069299 /* Release */,
			);
			defaultConfigurationIsVisible = 0;
			defaultConfigurationName = Release;
		};
		39A03F801B4E7AE500069299 /* Build configuration list for PBXNativeTarget "MLSelfSizingCells" */ = {
			isa = XCConfigurationList;
			buildConfigurations = (
				39A03F811B4E7AE500069299 /* Debug */,
				39A03F821B4E7AE500069299 /* Release */,
			);
			defaultConfigurationIsVisible = 0;
		};
		39A03F831B4E7AE500069299 /* Build configuration list for PBXNativeTarget "MLSelfSizingCellsTests" */ = {
			isa = XCConfigurationList;
			buildConfigurations = (
				39A03F841B4E7AE500069299 /* Debug */,
				39A03F851B4E7AE500069299 /* Release */,
			);
			defaultConfigurationIsVisible = 0;
		};
		39A03F861B4E7AE500069299 /* Build configuration list for PBXNativeTarget "MLSelfSizingCellsUITests" */ = {
			isa = XCConfigurationList;
			buildConfigurations = (
				39A03F871B4E7AE500069299 /* Debug */,
				39A03F881B4E7AE500069299 /* Release */,
			);
			defaultConfigurationIsVisible = 0;
		};
/* End XCConfigurationList section */
	};
	rootObject = 39A03F4B1B4E7AE500069299 /* Project object */;
}
