// !$*UTF8*$!
{
	archiveVersion = 1;
	classes = {
	};
	objectVersion = 46;
	objects = {

/* Begin PBXBuildFile section */
		39163B881C56701B00CE6ADC /* AppDelegate.swift in Sources */ = {isa = PBXBuildFile; fileRef = 39163B871C56701B00CE6ADC /* AppDelegate.swift */; };
		39163B8A1C56701B00CE6ADC /* MLTableViewController.swift in Sources */ = {isa = PBXBuildFile; fileRef = 39163B891C56701B00CE6ADC /* MLTableViewController.swift */; };
		39163B8F1C56701B00CE6ADC /* Assets.xcassets in Resources */ = {isa = PBXBuildFile; fileRef = 39163B8E1C56701B00CE6ADC /* Assets.xcassets */; };
		39163B921C56701B00CE6ADC /* LaunchScreen.storyboard in Resources */ = {isa = PBXBuildFile; fileRef = 39163B901C56701B00CE6ADC /* LaunchScreen.storyboard */; };
		39163B9A1C5671D800CE6ADC /* MLTableViewCell.swift in Sources */ = {isa = PBXBuildFile; fileRef = 39163B991C5671D800CE6ADC /* MLTableViewCell.swift */; };
		39163B9E1C5672AC00CE6ADC /* LoremSwiftum.swift in Sources */ = {isa = PBXBuildFile; fileRef = 39163B9D1C5672AC00CE6ADC /* LoremSwiftum.swift */; };
/* End PBXBuildFile section */

/* Begin PBXFileReference section */
		39163B841C56701B00CE6ADC /* MLSelfSizingCells_Swift.app */ = {isa = PBXFileReference; explicitFileType = wrapper.application; includeInIndex = 0; path = MLSelfSizingCells_Swift.app; sourceTree = BUILT_PRODUCTS_DIR; };
		39163B871C56701B00CE6ADC /* AppDelegate.swift */ = {isa = PBXFileReference; lastKnownFileType = sourcecode.swift; path = AppDelegate.swift; sourceTree = "<group>"; };
		39163B891C56701B00CE6ADC /* MLTableViewController.swift */ = {isa = PBXFileReference; lastKnownFileType = sourcecode.swift; path = MLTableViewController.swift; sourceTree = "<group>"; };
		39163B8E1C56701B00CE6ADC /* Assets.xcassets */ = {isa = PBXFileReference; lastKnownFileType = folder.assetcatalog; path = Assets.xcassets; sourceTree = "<group>"; };
		39163B911C56701B00CE6ADC /* Base */ = {isa = PBXFileReference; lastKnownFileType = file.storyboard; name = Base; path = Base.lproj/LaunchScreen.storyboard; sourceTree = "<group>"; };
		39163B931C56701B00CE6ADC /* Info.plist */ = {isa = PBXFileReference; lastKnownFileType = text.plist.xml; path = Info.plist; sourceTree = "<group>"; };
		39163B991C5671D800CE6ADC /* MLTableViewCell.swift */ = {isa = PBXFileReference; fileEncoding = 4; lastKnownFileType = sourcecode.swift; path = MLTableViewCell.swift; sourceTree = "<group>"; };
		39163B9D1C5672AC00CE6ADC /* LoremSwiftum.swift */ = {isa = PBXFileReference; fileEncoding = 4; lastKnownFileType = sourcecode.swift; path = LoremSwiftum.swift; sourceTree = "<group>"; };
/* End PBXFileReference section */

/* Begin PBXFrameworksBuildPhase section */
		39163B811C56701B00CE6ADC /* Frameworks */ = {
			isa = PBXFrameworksBuildPhase;
			buildActionMask = 2147483647;
			files = (
			);
			runOnlyForDeploymentPostprocessing = 0;
		};
/* End PBXFrameworksBuildPhase section */

/* Begin PBXGroup section */
		39163B7B1C56701B00CE6ADC = {
			isa = PBXGroup;
			children = (
				39163B861C56701B00CE6ADC /* MLSelfSizingCells_Swift */,
				39163B851C56701B00CE6ADC /* Products */,
			);
			sourceTree = "<group>";
		};
		39163B851C56701B00CE6ADC /* Products */ = {
			isa = PBXGroup;
			children = (
				39163B841C56701B00CE6ADC /* MLSelfSizingCells_Swift.app */,
			);
			name = Products;
			sourceTree = "<group>";
		};
		39163B861C56701B00CE6ADC /* MLSelfSizingCells_Swift */ = {
			isa = PBXGroup;
			children = (
				39163B9B1C56728A00CE6ADC /* Utils */,
				39163B871C56701B00CE6ADC /* AppDelegate.swift */,
				39163B891C56701B00CE6ADC /* MLTableViewController.swift */,
				39163B8E1C56701B00CE6ADC /* Assets.xcassets */,
				39163B901C56701B00CE6ADC /* LaunchScreen.storyboard */,
				39163B931C56701B00CE6ADC /* Info.plist */,
				39163B991C5671D800CE6ADC /* MLTableViewCell.swift */,
			);
			path = MLSelfSizingCells_Swift;
			sourceTree = "<group>";
		};
		39163B9B1C56728A00CE6ADC /* Utils */ = {
			isa = PBXGroup;
			children = (
				39163B9C1C56728C00CE6ADC /* Lorem Ipsum */,
			);
			name = Utils;
			sourceTree = "<group>";
		};
		39163B9C1C56728C00CE6ADC /* Lorem Ipsum */ = {
			isa = PBXGroup;
			children = (
				39163B9D1C5672AC00CE6ADC /* LoremSwiftum.swift */,
			);
			name = "Lorem Ipsum";
			sourceTree = "<group>";
		};
/* End PBXGroup section */

/* Begin PBXNativeTarget section */
		39163B831C56701B00CE6ADC /* MLSelfSizingCells_Swift */ = {
			isa = PBXNativeTarget;
			buildConfigurationList = 39163B961C56701B00CE6ADC /* Build configuration list for PBXNativeTarget "MLSelfSizingCells_Swift" */;
			buildPhases = (
				39163B801C56701B00CE6ADC /* Sources */,
				39163B811C56701B00CE6ADC /* Frameworks */,
				39163B821C56701B00CE6ADC /* Resources */,
			);
			buildRules = (
			);
			dependencies = (
			);
			name = MLSelfSizingCells_Swift;
			productName = MLSelfSizingCells_Swift;
			productReference = 39163B841C56701B00CE6ADC /* MLSelfSizingCells_Swift.app */;
			productType = "com.apple.product-type.application";
		};
/* End PBXNativeTarget section */

/* Begin PBXProject section */
		39163B7C1C56701B00CE6ADC /* Project object */ = {
			isa = PBXProject;
			attributes = {
				LastSwiftUpdateCheck = 0720;
				LastUpgradeCheck = 0720;
				ORGANIZATIONNAME = "Matthias Ludwig";
				TargetAttributes = {
					39163B831C56701B00CE6ADC = {
						CreatedOnToolsVersion = 7.2;
					};
				};
			};
			buildConfigurationList = 39163B7F1C56701B00CE6ADC /* Build configuration list for PBXProject "MLSelfSizingCells_Swift" */;
			compatibilityVersion = "Xcode 3.2";
			developmentRegion = English;
			hasScannedForEncodings = 0;
			knownRegions = (
				en,
				Base,
			);
			mainGroup = 39163B7B1C56701B00CE6ADC;
			productRefGroup = 39163B851C56701B00CE6ADC /* Products */;
			projectDirPath = "";
			projectRoot = "";
			targets = (
				39163B831C56701B00CE6ADC /* MLSelfSizingCells_Swift */,
			);
		};
/* End PBXProject section */

/* Begin PBXResourcesBuildPhase section */
		39163B821C56701B00CE6ADC /* Resources */ = {
			isa = PBXResourcesBuildPhase;
			buildActionMask = 2147483647;
			files = (
				39163B921C56701B00CE6ADC /* LaunchScreen.storyboard in Resources */,
				39163B8F1C56701B00CE6ADC /* Assets.xcassets in Resources */,
			);
			runOnlyForDeploymentPostprocessing = 0;
		};
/* End PBXResourcesBuildPhase section */

/* Begin PBXSourcesBuildPhase section */
		39163B801C56701B00CE6ADC /* Sources */ = {
			isa = PBXSourcesBuildPhase;
			buildActionMask = 2147483647;
			files = (
				39163B9A1C5671D800CE6ADC /* MLTableViewCell.swift in Sources */,
				39163B8A1C56701B00CE6ADC /* MLTableViewController.swift in Sources */,
				39163B881C56701B00CE6ADC /* AppDelegate.swift in Sources */,
				39163B9E1C5672AC00CE6ADC /* LoremSwiftum.swift in Sources */,
			);
			runOnlyForDeploymentPostprocessing = 0;
		};
/* End PBXSourcesBuildPhase section */

/* Begin PBXVariantGroup section */
		39163B901C56701B00CE6ADC /* LaunchScreen.storyboard */ = {
			isa = PBXVariantGroup;
			children = (
				39163B911C56701B00CE6ADC /* Base */,
			);
			name = LaunchScreen.storyboard;
			sourceTree = "<group>";
		};
/* End PBXVariantGroup section */

/* Begin XCBuildConfiguration section */
		39163B941C56701B00CE6ADC /* Debug */ = {
			isa = XCBuildConfiguration;
			buildSettings = {
				ALWAYS_SEARCH_USER_PATHS = NO;
				CLANG_CXX_LANGUAGE_STANDARD = "gnu++0x";
				CLANG_CXX_LIBRARY = "libc++";
				CLANG_ENABLE_MODULES = YES;
				CLANG_ENABLE_OBJC_ARC = YES;
				CLANG_WARN_BOOL_CONVERSION = YES;
				CLANG_WARN_CONSTANT_CONVERSION = YES;
				CLANG_WARN_DIRECT_OBJC_ISA_USAGE = YES_ERROR;
				CLANG_WARN_EMPTY_BODY = YES;
				CLANG_WARN_ENUM_CONVERSION = YES;
				CLANG_WARN_INT_CONVERSION = YES;
				CLANG_WARN_OBJC_ROOT_CLASS = YES_ERROR;
				CLANG_WARN_UNREACHABLE_CODE = YES;
				CLANG_WARN__DUPLICATE_METHOD_MATCH = YES;
				"CODE_SIGN_IDENTITY[sdk=iphoneos*]" = "iPhone Developer";
				COPY_PHASE_STRIP = NO;
				DEBUG_INFORMATION_FORMAT = dwarf;
				ENABLE_STRICT_OBJC_MSGSEND = YES;
				ENABLE_TESTABILITY = YES;
				GCC_C_LANGUAGE_STANDARD = gnu99;
				GCC_DYNAMIC_NO_PIC = NO;
				GCC_NO_COMMON_BLOCKS = YES;
				GCC_OPTIMIZATION_LEVEL = 0;
				GCC_PREPROCESSOR_DEFINITIONS = (
					"DEBUG=1",
					"$(inherited)",
				);
				GCC_WARN_64_TO_32_BIT_CONVERSION = YES;
				GCC_WARN_ABOUT_RETURN_TYPE = YES_ERROR;
				GCC_WARN_UNDECLARED_SELECTOR = YES;
				GCC_WARN_UNINITIALIZED_AUTOS = YES_AGGRESSIVE;
				GCC_WARN_UNUSED_FUNCTION = YES;
				GCC_WARN_UNUSED_VARIABLE = YES;
				IPHONEOS_DEPLOYMENT_TARGET = 9.2;
				MTL_ENABLE_DEBUG_INFO = YES;
				ONLY_ACTIVE_ARCH = YES;
				SDKROOT = iphoneos;
				SWIFT_OPTIMIZATION_LEVEL = "-Onone";
			};
			name = Debug;
		};
		39163B951C56701B00CE6ADC /* Release */ = {
			isa = XCBuildConfiguration;
			buildSettings = {
				ALWAYS_SEARCH_USER_PATHS = NO;
				CLANG_CXX_LANGUAGE_STANDARD = "gnu++0x";
				CLANG_CXX_LIBRARY = "libc++";
				CLANG_ENABLE_MODULES = YES;
				CLANG_ENABLE_OBJC_ARC = YES;
				CLANG_WARN_BOOL_CONVERSION = YES;
				CLANG_WARN_CONSTANT_CONVERSION = YES;
				CLANG_WARN_DIRECT_OBJC_ISA_USAGE = YES_ERROR;
				CLANG_WARN_EMPTY_BODY = YES;
				CLANG_WARN_ENUM_CONVERSION = YES;
				CLANG_WARN_INT_CONVERSION = YES;
				CLANG_WARN_OBJC_ROOT_CLASS = YES_ERROR;
				CLANG_WARN_UNREACHABLE_CODE = YES;
				CLANG_WARN__DUPLICATE_METHOD_MATCH = YES;
				"CODE_SIGN_IDENTITY[sdk=iphoneos*]" = "iPhone Developer";
				COPY_PHASE_STRIP = NO;
				DEBUG_INFORMATION_FORMAT = "dwarf-with-dsym";
				ENABLE_NS_ASSERTIONS = NO;
				ENABLE_STRICT_OBJC_MSGSEND = YES;
				GCC_C_LANGUAGE_STANDARD = gnu99;
				GCC_NO_COMMON_BLOCKS = YES;
				GCC_WARN_64_TO_32_BIT_CONVERSION = YES;
				GCC_WARN_ABOUT_RETURN_TYPE = YES_ERROR;
				GCC_WARN_UNDECLARED_SELECTOR = YES;
				GCC_WARN_UNINITIALIZED_AUTOS = YES_AGGRESSIVE;
				GCC_WARN_UNUSED_FUNCTION = YES;
				GCC_WARN_UNUSED_VARIABLE = YES;
				IPHONEOS_DEPLOYMENT_TARGET = 9.2;
				MTL_ENABLE_DEBUG_INFO = NO;
				SDKROOT = iphoneos;
				VALIDATE_PRODUCT = YES;
			};
			name = Release;
		};
		39163B971C56701B00CE6ADC /* Debug */ = {
			isa = XCBuildConfiguration;
			buildSettings = {
				ASSETCATALOG_COMPILER_APPICON_NAME = AppIcon;
				INFOPLIST_FILE = MLSelfSizingCells_Swift/Info.plist;
				LD_RUNPATH_SEARCH_PATHS = "$(inherited) @executable_path/Frameworks";
				PRODUCT_BUNDLE_IDENTIFIER = "com.sudden-dev.MLSelfSizingCells-Swift";
				PRODUCT_NAME = "$(TARGET_NAME)";
			};
			name = Debug;
		};
		39163B981C56701B00CE6ADC /* Release */ = {
			isa = XCBuildConfiguration;
			buildSettings = {
				ASSETCATALOG_COMPILER_APPICON_NAME = AppIcon;
				INFOPLIST_FILE = MLSelfSizingCells_Swift/Info.plist;
				LD_RUNPATH_SEARCH_PATHS = "$(inherited) @executable_path/Frameworks";
				PRODUCT_BUNDLE_IDENTIFIER = "com.sudden-dev.MLSelfSizingCells-Swift";
				PRODUCT_NAME = "$(TARGET_NAME)";
			};
			name = Release;
		};
/* End XCBuildConfiguration section */

/* Begin XCConfigurationList section */
		39163B7F1C56701B00CE6ADC /* Build configuration list for PBXProject "MLSelfSizingCells_Swift" */ = {
			isa = XCConfigurationList;
			buildConfigurations = (
				39163B941C56701B00CE6ADC /* Debug */,
				39163B951C56701B00CE6ADC /* Release */,
			);
			defaultConfigurationIsVisible = 0;
			defaultConfigurationName = Release;
		};
		39163B961C56701B00CE6ADC /* Build configuration list for PBXNativeTarget "MLSelfSizingCells_Swift" */ = {
			isa = XCConfigurationList;
			buildConfigurations = (
				39163B971C56701B00CE6ADC /* Debug */,
				39163B981C56701B00CE6ADC /* Release */,
			);
			defaultConfigurationIsVisible = 0;
			defaultConfigurationName = Release;
		};
/* End XCConfigurationList section */
	};
	rootObject = 39163B7C1C56701B00CE6ADC /* Project object */;
}
